
Microsoft Visual Studio Solution File, Format Version 12.00
# Visual Studio 15
VisualStudioVersion = 15.0.27004.2002
MinimumVisualStudioVersion = 10.0.40219.1
Project("{FAE04EC0-301F-11D3-BF4B-00C04F79EFBC}") = "FinalHotelProject", "FinalHotelProject\FinalHotelProject.csproj", "{0B273FF0-436C-4503-9241-B0CEB233E72E}"
EndProject
Project("{FAE04EC0-301F-11D3-BF4B-00C04F79EFBC}") = "HotelDBApp", "test\HotelDBApp.csproj", "{0522891C-2D10-4A63-8A08-11CB555D71DF}"
EndProject
Project("{FAE04EC0-301F-11D3-BF4B-00C04F79EFBC}") = "HotelBusinessLayer", "HotelBusinessLayer\HotelBusinessLayer.csproj", "{C93379AD-014A-4353-AF11-FF9ABE011B70}"
EndProject
Global
	GlobalSection(SolutionConfigurationPlatforms) = preSolution
		Debug|Any CPU = Debug|Any CPU
		Release|Any CPU = Release|Any CPU
	EndGlobalSection
	GlobalSection(ProjectConfigurationPlatforms) = postSolution
		{0B273FF0-436C-4503-9241-B0CEB233E72E}.Debug|Any CPU.ActiveCfg = Debug|Any CPU
		{0B273FF0-436C-4503-9241-B0CEB233E72E}.Debug|Any CPU.Build.0 = Debug|Any CPU
		{0B273FF0-436C-4503-9241-B0CEB233E72E}.Release|Any CPU.ActiveCfg = Release|Any CPU
		{0B273FF0-436C-4503-9241-B0CEB233E72E}.Release|Any CPU.Build.0 = Release|Any CPU
		{0522891C-2D10-4A63-8A08-11CB555D71DF}.Debug|Any CPU.ActiveCfg = Debug|Any CPU
		{0522891C-2D10-4A63-8A08-11CB555D71DF}.Debug|Any CPU.Build.0 = Debug|Any CPU
		{0522891C-2D10-4A63-8A08-11CB555D71DF}.Release|Any CPU.ActiveCfg = Release|Any CPU
		{0522891C-2D10-4A63-8A08-11CB555D71DF}.Release|Any CPU.Build.0 = Release|Any CPU
		{C93379AD-014A-4353-AF11-FF9ABE011B70}.Debug|Any CPU.ActiveCfg = Debug|Any CPU
		{C93379AD-014A-4353-AF11-FF9ABE011B70}.Debug|Any CPU.Build.0 = Debug|Any CPU
		{C93379AD-014A-4353-AF11-FF9ABE011B70}.Release|Any CPU.ActiveCfg = Release|Any CPU
		{C93379AD-014A-4353-AF11-FF9ABE011B70}.Release|Any CPU.Build.0 = Release|Any CPU
	EndGlobalSection
	GlobalSection(SolutionProperties) = preSolution
		HideSolutionNode = FALSE
	EndGlobalSection
	GlobalSection(ExtensibilityGlobals) = postSolution
		SolutionGuid = {ADE3C5C1-B60B-4EAF-A594-8F45E25CF947}
	EndGlobalSection
EndGlobal
